// !$*UTF8*$!
{
	archiveVersion = 1;
	classes = {
	};
	objectVersion = 46;
	objects = {

/* Begin PBXBuildFile section */
		6A6E04C12E379015359F883A /* Pods_MyApp.framework in Frameworks */ = {isa = PBXBuildFile; fileRef = E530FC4E273A0258EC301432 /* Pods_MyApp.framework */; };
		8F6F33661F62971F00E545E1 /* MABaseViewController.swift in Sources */ = {isa = PBXBuildFile; fileRef = 8F6F33651F62971F00E545E1 /* MABaseViewController.swift */; };
		8F6F33691F62974300E545E1 /* MANavigationBar.swift in Sources */ = {isa = PBXBuildFile; fileRef = 8F6F33681F62974300E545E1 /* MANavigationBar.swift */; };
		8F6F336B1F62A42E00E545E1 /* MAFontColorManager.swift in Sources */ = {isa = PBXBuildFile; fileRef = 8F6F336A1F62A42E00E545E1 /* MAFontColorManager.swift */; };
		8F7FA1F61F67E230002C2DCF /* MANetowrkEngine.swift in Sources */ = {isa = PBXBuildFile; fileRef = 8F7FA1F51F67E230002C2DCF /* MANetowrkEngine.swift */; };
		8F87DE671F61311E004B12DA /* MyAppTests.swift in Sources */ = {isa = PBXBuildFile; fileRef = 8F87DE661F61311E004B12DA /* MyAppTests.swift */; };
		8F87DE7C1F6131F6004B12DA /* ViewController.swift in Sources */ = {isa = PBXBuildFile; fileRef = 8F87DE721F6131F6004B12DA /* ViewController.swift */; };
		8F87DE7D1F6131F6004B12DA /* AppDelegate.swift in Sources */ = {isa = PBXBuildFile; fileRef = 8F87DE741F6131F6004B12DA /* AppDelegate.swift */; };
		8F87DE801F6131F6004B12DA /* Info.plist in Resources */ = {isa = PBXBuildFile; fileRef = 8F87DE791F6131F6004B12DA /* Info.plist */; };
		8F87DE811F6131F6004B12DA /* Assets.xcassets in Resources */ = {isa = PBXBuildFile; fileRef = 8F87DE7B1F6131F6004B12DA /* Assets.xcassets */; };
		8FA5F4051F69166400B35EBA /* DisplayConfig.swift in Sources */ = {isa = PBXBuildFile; fileRef = 8FA5F4041F69166400B35EBA /* DisplayConfig.swift */; };
/* End PBXBuildFile section */

/* Begin PBXContainerItemProxy section */
		8F87DE631F61311E004B12DA /* PBXContainerItemProxy */ = {
			isa = PBXContainerItemProxy;
			containerPortal = 8F87DE461F61311E004B12DA /* Project object */;
			proxyType = 1;
			remoteGlobalIDString = 8F87DE4D1F61311E004B12DA;
			remoteInfo = MyApp;
		};
/* End PBXContainerItemProxy section */

/* Begin PBXFileReference section */
		03960F24FBD325615DCB8970 /* Pods-MyApp.release.xcconfig */ = {isa = PBXFileReference; includeInIndex = 1; lastKnownFileType = text.xcconfig; name = "Pods-MyApp.release.xcconfig"; path = "Pods/Target Support Files/Pods-MyApp/Pods-MyApp.release.xcconfig"; sourceTree = "<group>"; };
		8F6F33651F62971F00E545E1 /* MABaseViewController.swift */ = {isa = PBXFileReference; fileEncoding = 4; lastKnownFileType = sourcecode.swift; path = MABaseViewController.swift; sourceTree = "<group>"; };
		8F6F33681F62974300E545E1 /* MANavigationBar.swift */ = {isa = PBXFileReference; fileEncoding = 4; lastKnownFileType = sourcecode.swift; path = MANavigationBar.swift; sourceTree = "<group>"; };
		8F6F336A1F62A42E00E545E1 /* MAFontColorManager.swift */ = {isa = PBXFileReference; fileEncoding = 4; lastKnownFileType = sourcecode.swift; path = MAFontColorManager.swift; sourceTree = "<group>"; };
		8F7FA1F51F67E230002C2DCF /* MANetowrkEngine.swift */ = {isa = PBXFileReference; fileEncoding = 4; lastKnownFileType = sourcecode.swift; path = MANetowrkEngine.swift; sourceTree = "<group>"; };
		8F87DE4E1F61311E004B12DA /* MyApp.app */ = {isa = PBXFileReference; explicitFileType = wrapper.application; includeInIndex = 0; path = MyApp.app; sourceTree = BUILT_PRODUCTS_DIR; };
		8F87DE621F61311E004B12DA /* MyAppTests.xctest */ = {isa = PBXFileReference; explicitFileType = wrapper.cfbundle; includeInIndex = 0; path = MyAppTests.xctest; sourceTree = BUILT_PRODUCTS_DIR; };
		8F87DE661F61311E004B12DA /* MyAppTests.swift */ = {isa = PBXFileReference; lastKnownFileType = sourcecode.swift; path = MyAppTests.swift; sourceTree = "<group>"; };
		8F87DE681F61311E004B12DA /* Info.plist */ = {isa = PBXFileReference; lastKnownFileType = text.plist.xml; path = Info.plist; sourceTree = "<group>"; };
		8F87DE721F6131F6004B12DA /* ViewController.swift */ = {isa = PBXFileReference; fileEncoding = 4; lastKnownFileType = sourcecode.swift; path = ViewController.swift; sourceTree = "<group>"; };
		8F87DE741F6131F6004B12DA /* AppDelegate.swift */ = {isa = PBXFileReference; fileEncoding = 4; lastKnownFileType = sourcecode.swift; path = AppDelegate.swift; sourceTree = "<group>"; };
		8F87DE791F6131F6004B12DA /* Info.plist */ = {isa = PBXFileReference; fileEncoding = 4; lastKnownFileType = text.plist.xml; path = Info.plist; sourceTree = "<group>"; };
		8F87DE7B1F6131F6004B12DA /* Assets.xcassets */ = {isa = PBXFileReference; lastKnownFileType = folder.assetcatalog; path = Assets.xcassets; sourceTree = "<group>"; };
		8FA5F4041F69166400B35EBA /* DisplayConfig.swift */ = {isa = PBXFileReference; fileEncoding = 4; lastKnownFileType = sourcecode.swift; path = DisplayConfig.swift; sourceTree = "<group>"; };
		E530FC4E273A0258EC301432 /* Pods_MyApp.framework */ = {isa = PBXFileReference; explicitFileType = wrapper.framework; includeInIndex = 0; path = Pods_MyApp.framework; sourceTree = BUILT_PRODUCTS_DIR; };
		F7983F53312C1E4983594D6A /* Pods-MyApp.debug.xcconfig */ = {isa = PBXFileReference; includeInIndex = 1; lastKnownFileType = text.xcconfig; name = "Pods-MyApp.debug.xcconfig"; path = "Pods/Target Support Files/Pods-MyApp/Pods-MyApp.debug.xcconfig"; sourceTree = "<group>"; };
/* End PBXFileReference section */

/* Begin PBXFrameworksBuildPhase section */
		8F87DE4B1F61311E004B12DA /* Frameworks */ = {
			isa = PBXFrameworksBuildPhase;
			buildActionMask = 2147483647;
			files = (
				6A6E04C12E379015359F883A /* Pods_MyApp.framework in Frameworks */,
			);
			runOnlyForDeploymentPostprocessing = 0;
		};
		8F87DE5F1F61311E004B12DA /* Frameworks */ = {
			isa = PBXFrameworksBuildPhase;
			buildActionMask = 2147483647;
			files = (
			);
			runOnlyForDeploymentPostprocessing = 0;
		};
/* End PBXFrameworksBuildPhase section */

/* Begin PBXGroup section */
		8F6F335D1F6294B700E545E1 /* Common */ = {
			isa = PBXGroup;
			children = (
			);
			path = Common;
			sourceTree = "<group>";
		};
		8F6F335E1F6294B700E545E1 /* Modules */ = {
			isa = PBXGroup;
			children = (
				8F6F33631F62971F00E545E1 /* Base */,
			);
			path = Modules;
			sourceTree = "<group>";
		};
		8F6F335F1F6294B700E545E1 /* Tools */ = {
			isa = PBXGroup;
			children = (
				8F6F336A1F62A42E00E545E1 /* MAFontColorManager.swift */,
				8F7FA1F51F67E230002C2DCF /* MANetowrkEngine.swift */,
			);
			path = Tools;
			sourceTree = "<group>";
		};
		8F6F33631F62971F00E545E1 /* Base */ = {
			isa = PBXGroup;
			children = (
				8F6F33671F62972D00E545E1 /* Views */,
				8F6F33641F62971F00E545E1 /* ViewContollers */,
			);
			path = Base;
			sourceTree = "<group>";
		};
		8F6F33641F62971F00E545E1 /* ViewContollers */ = {
			isa = PBXGroup;
			children = (
				8F6F33651F62971F00E545E1 /* MABaseViewController.swift */,
			);
			path = ViewContollers;
			sourceTree = "<group>";
		};
		8F6F33671F62972D00E545E1 /* Views */ = {
			isa = PBXGroup;
			children = (
				8F6F33681F62974300E545E1 /* MANavigationBar.swift */,
			);
			path = Views;
			sourceTree = "<group>";
		};
		8F87DE451F61311E004B12DA = {
			isa = PBXGroup;
			children = (
				8F87DE501F61311E004B12DA /* MyApp */,
				8F87DE651F61311E004B12DA /* MyAppTests */,
				8F87DE4F1F61311E004B12DA /* Products */,
				9849C4A02E77F931D8BD2861 /* Pods */,
				EA2C3A6796FD591AF03B29F3 /* Frameworks */,
			);
			sourceTree = "<group>";
		};
		8F87DE4F1F61311E004B12DA /* Products */ = {
			isa = PBXGroup;
			children = (
				8F87DE4E1F61311E004B12DA /* MyApp.app */,
				8F87DE621F61311E004B12DA /* MyAppTests.xctest */,
			);
			name = Products;
			sourceTree = "<group>";
		};
		8F87DE501F61311E004B12DA /* MyApp */ = {
			isa = PBXGroup;
			children = (
				8F87DE711F6131F6004B12DA /* Classes */,
				8F87DE731F6131F6004B12DA /* Main */,
				8F87DE7A1F6131F6004B12DA /* Resources */,
			);
			path = MyApp;
			sourceTree = "<group>";
		};
		8F87DE651F61311E004B12DA /* MyAppTests */ = {
			isa = PBXGroup;
			children = (
				8F87DE661F61311E004B12DA /* MyAppTests.swift */,
				8F87DE681F61311E004B12DA /* Info.plist */,
			);
			path = MyAppTests;
			sourceTree = "<group>";
		};
		8F87DE711F6131F6004B12DA /* Classes */ = {
			isa = PBXGroup;
			children = (
				8FA5F4031F69164D00B35EBA /* Config */,
				8F6F335D1F6294B700E545E1 /* Common */,
				8F6F335E1F6294B700E545E1 /* Modules */,
				8F6F335F1F6294B700E545E1 /* Tools */,
				8F87DE721F6131F6004B12DA /* ViewController.swift */,
			);
			path = Classes;
			sourceTree = "<group>";
		};
		8F87DE731F6131F6004B12DA /* Main */ = {
			isa = PBXGroup;
			children = (
				8F87DE741F6131F6004B12DA /* AppDelegate.swift */,
				8F87DE791F6131F6004B12DA /* Info.plist */,
			);
			path = Main;
			sourceTree = "<group>";
		};
		8F87DE7A1F6131F6004B12DA /* Resources */ = {
			isa = PBXGroup;
			children = (
				8F87DE7B1F6131F6004B12DA /* Assets.xcassets */,
			);
			path = Resources;
			sourceTree = "<group>";
		};
		8FA5F4031F69164D00B35EBA /* Config */ = {
			isa = PBXGroup;
			children = (
				8FA5F4041F69166400B35EBA /* DisplayConfig.swift */,
			);
			path = Config;
			sourceTree = "<group>";
		};
		9849C4A02E77F931D8BD2861 /* Pods */ = {
			isa = PBXGroup;
			children = (
				F7983F53312C1E4983594D6A /* Pods-MyApp.debug.xcconfig */,
				03960F24FBD325615DCB8970 /* Pods-MyApp.release.xcconfig */,
			);
			name = Pods;
			sourceTree = "<group>";
		};
		EA2C3A6796FD591AF03B29F3 /* Frameworks */ = {
			isa = PBXGroup;
			children = (
				E530FC4E273A0258EC301432 /* Pods_MyApp.framework */,
			);
			name = Frameworks;
			sourceTree = "<group>";
		};
/* End PBXGroup section */

/* Begin PBXNativeTarget section */
		8F87DE4D1F61311E004B12DA /* MyApp */ = {
			isa = PBXNativeTarget;
			buildConfigurationList = 8F87DE6B1F61311E004B12DA /* Build configuration list for PBXNativeTarget "MyApp" */;
			buildPhases = (
				9B63299CA0BE3B7BE12DE3A0 /* [CP] Check Pods Manifest.lock */,
				8F87DE4A1F61311E004B12DA /* Sources */,
				8F87DE4B1F61311E004B12DA /* Frameworks */,
				8F87DE4C1F61311E004B12DA /* Resources */,
				A1EBFBF8CD194D3EF46E6911 /* [CP] Embed Pods Frameworks */,
				4B190ACA31E9AD2ACA952884 /* [CP] Copy Pods Resources */,
			);
			buildRules = (
			);
			dependencies = (
			);
			name = MyApp;
			productName = MyApp;
			productReference = 8F87DE4E1F61311E004B12DA /* MyApp.app */;
			productType = "com.apple.product-type.application";
		};
		8F87DE611F61311E004B12DA /* MyAppTests */ = {
			isa = PBXNativeTarget;
			buildConfigurationList = 8F87DE6E1F61311E004B12DA /* Build configuration list for PBXNativeTarget "MyAppTests" */;
			buildPhases = (
				8F87DE5E1F61311E004B12DA /* Sources */,
				8F87DE5F1F61311E004B12DA /* Frameworks */,
				8F87DE601F61311E004B12DA /* Resources */,
			);
			buildRules = (
			);
			dependencies = (
				8F87DE641F61311E004B12DA /* PBXTargetDependency */,
			);
			name = MyAppTests;
			productName = MyAppTests;
			productReference = 8F87DE621F61311E004B12DA /* MyAppTests.xctest */;
			productType = "com.apple.product-type.bundle.unit-test";
		};
/* End PBXNativeTarget section */

/* Begin PBXProject section */
		8F87DE461F61311E004B12DA /* Project object */ = {
			isa = PBXProject;
			attributes = {
				LastSwiftUpdateCheck = 0830;
				LastUpgradeCheck = 0830;
				ORGANIZATIONNAME = nubia;
				TargetAttributes = {
					8F87DE4D1F61311E004B12DA = {
						CreatedOnToolsVersion = 8.3.2;
						DevelopmentTeam = VJ3SP7327Z;
						ProvisioningStyle = Automatic;
					};
					8F87DE611F61311E004B12DA = {
						CreatedOnToolsVersion = 8.3.2;
						DevelopmentTeam = VJ3SP7327Z;
						ProvisioningStyle = Automatic;
						TestTargetID = 8F87DE4D1F61311E004B12DA;
					};
				};
			};
			buildConfigurationList = 8F87DE491F61311E004B12DA /* Build configuration list for PBXProject "MyApp" */;
			compatibilityVersion = "Xcode 3.2";
			developmentRegion = English;
			hasScannedForEncodings = 0;
			knownRegions = (
				en,
				Base,
			);
			mainGroup = 8F87DE451F61311E004B12DA;
			productRefGroup = 8F87DE4F1F61311E004B12DA /* Products */;
			projectDirPath = "";
			projectRoot = "";
			targets = (
				8F87DE4D1F61311E004B12DA /* MyApp */,
				8F87DE611F61311E004B12DA /* MyAppTests */,
			);
		};
/* End PBXProject section */

/* Begin PBXResourcesBuildPhase section */
		8F87DE4C1F61311E004B12DA /* Resources */ = {
			isa = PBXResourcesBuildPhase;
			buildActionMask = 2147483647;
			files = (
				8F87DE811F6131F6004B12DA /* Assets.xcassets in Resources */,
				8F87DE801F6131F6004B12DA /* Info.plist in Resources */,
			);
			runOnlyForDeploymentPostprocessing = 0;
		};
		8F87DE601F61311E004B12DA /* Resources */ = {
			isa = PBXResourcesBuildPhase;
			buildActionMask = 2147483647;
			files = (
			);
			runOnlyForDeploymentPostprocessing = 0;
		};
/* End PBXResourcesBuildPhase section */

/* Begin PBXShellScriptBuildPhase section */
		4B190ACA31E9AD2ACA952884 /* [CP] Copy Pods Resources */ = {
			isa = PBXShellScriptBuildPhase;
			buildActionMask = 2147483647;
			files = (
			);
			inputPaths = (
			);
			name = "[CP] Copy Pods Resources";
			outputPaths = (
			);
			runOnlyForDeploymentPostprocessing = 0;
			shellPath = /bin/sh;
			shellScript = "\"${SRCROOT}/Pods/Target Support Files/Pods-MyApp/Pods-MyApp-resources.sh\"\n";
			showEnvVarsInLog = 0;
		};
		9B63299CA0BE3B7BE12DE3A0 /* [CP] Check Pods Manifest.lock */ = {
			isa = PBXShellScriptBuildPhase;
			buildActionMask = 2147483647;
			files = (
			);
			inputPaths = (
				"${PODS_PODFILE_DIR_PATH}/Podfile.lock",
				"${PODS_ROOT}/Manifest.lock",
			);
			name = "[CP] Check Pods Manifest.lock";
			outputPaths = (
				"$(DERIVED_FILE_DIR)/Pods-MyApp-checkManifestLockResult.txt",
			);
			runOnlyForDeploymentPostprocessing = 0;
			shellPath = /bin/sh;
			shellScript = "diff \"${PODS_PODFILE_DIR_PATH}/Podfile.lock\" \"${PODS_ROOT}/Manifest.lock\" > /dev/null\nif [ $? != 0 ] ; then\n    # print error to STDERR\n    echo \"error: The sandbox is not in sync with the Podfile.lock. Run 'pod install' or update your CocoaPods installation.\" >&2\n    exit 1\nfi\n# This output is used by Xcode 'outputs' to avoid re-running this script phase.\necho \"SUCCESS\" > \"${SCRIPT_OUTPUT_FILE_0}\"\n";
			showEnvVarsInLog = 0;
		};
		A1EBFBF8CD194D3EF46E6911 /* [CP] Embed Pods Frameworks */ = {
			isa = PBXShellScriptBuildPhase;
			buildActionMask = 2147483647;
			files = (
			);
			inputPaths = (
				"${SRCROOT}/Pods/Target Support Files/Pods-MyApp/Pods-MyApp-frameworks.sh",
				"${BUILT_PRODUCTS_DIR}/Alamofire/Alamofire.framework",
				"${BUILT_PRODUCTS_DIR}/MJRefresh/MJRefresh.framework",
				"${BUILT_PRODUCTS_DIR}/PromiseKit/PromiseKit.framework",
				"${BUILT_PRODUCTS_DIR}/RxSwift/RxSwift.framework",
				"${BUILT_PRODUCTS_DIR}/SnapKit/SnapKit.framework",
				"${BUILT_PRODUCTS_DIR}/SwiftyJSON/SwiftyJSON.framework",
				"${BUILT_PRODUCTS_DIR}/pop/pop.framework",
			);
			name = "[CP] Embed Pods Frameworks";
			outputPaths = (
				"${TARGET_BUILD_DIR}/${FRAMEWORKS_FOLDER_PATH}/Alamofire.framework",
				"${TARGET_BUILD_DIR}/${FRAMEWORKS_FOLDER_PATH}/MJRefresh.framework",
				"${TARGET_BUILD_DIR}/${FRAMEWORKS_FOLDER_PATH}/PromiseKit.framework",
				"${TARGET_BUILD_DIR}/${FRAMEWORKS_FOLDER_PATH}/RxSwift.framework",
				"${TARGET_BUILD_DIR}/${FRAMEWORKS_FOLDER_PATH}/SnapKit.framework",
				"${TARGET_BUILD_DIR}/${FRAMEWORKS_FOLDER_PATH}/SwiftyJSON.framework",
				"${TARGET_BUILD_DIR}/${FRAMEWORKS_FOLDER_PATH}/pop.framework",
			);
			runOnlyForDeploymentPostprocessing = 0;
			shellPath = /bin/sh;
			shellScript = "\"${SRCROOT}/Pods/Target Support Files/Pods-MyApp/Pods-MyApp-frameworks.sh\"\n";
			showEnvVarsInLog = 0;
		};
/* End PBXShellScriptBuildPhase section */

/* Begin PBXSourcesBuildPhase section */
		8F87DE4A1F61311E004B12DA /* Sources */ = {
			isa = PBXSourcesBuildPhase;
			buildActionMask = 2147483647;
			files = (
				8F6F336B1F62A42E00E545E1 /* MAFontColorManager.swift in Sources */,
				8F87DE7D1F6131F6004B12DA /* AppDelegate.swift in Sources */,
				8FA5F4051F69166400B35EBA /* DisplayConfig.swift in Sources */,
				8F87DE7C1F6131F6004B12DA /* ViewController.swift in Sources */,
				8F6F33661F62971F00E545E1 /* MABaseViewController.swift in Sources */,
				8F7FA1F61F67E230002C2DCF /* MANetowrkEngine.swift in Sources */,
				8F6F33691F62974300E545E1 /* MANavigationBar.swift in Sources */,
			);
			runOnlyForDeploymentPostprocessing = 0;
		};
		8F87DE5E1F61311E004B12DA /* Sources */ = {
			isa = PBXSourcesBuildPhase;
			buildActionMask = 2147483647;
			files = (
				8F87DE671F61311E004B12DA /* MyAppTests.swift in Sources */,
			);
			runOnlyForDeploymentPostprocessing = 0;
		};
/* End PBXSourcesBuildPhase section */

/* Begin PBXTargetDependency section */
		8F87DE641F61311E004B12DA /* PBXTargetDependency */ = {
			isa = PBXTargetDependency;
			target = 8F87DE4D1F61311E004B12DA /* MyApp */;
			targetProxy = 8F87DE631F61311E004B12DA /* PBXContainerItemProxy */;
		};
/* End PBXTargetDependency section */

/* Begin XCBuildConfiguration section */
		8F87DE691F61311E004B12DA /* Debug */ = {
			isa = XCBuildConfiguration;
			buildSettings = {
				ALWAYS_SEARCH_USER_PATHS = NO;
				CLANG_ANALYZER_NONNULL = YES;
				CLANG_ANALYZER_NUMBER_OBJECT_CONVERSION = YES_AGGRESSIVE;
				CLANG_CXX_LANGUAGE_STANDARD = "gnu++0x";
				CLANG_CXX_LIBRARY = "libc++";
				CLANG_ENABLE_MODULES = YES;
				CLANG_ENABLE_OBJC_ARC = YES;
				CLANG_WARN_BOOL_CONVERSION = YES;
				CLANG_WARN_CONSTANT_CONVERSION = YES;
				CLANG_WARN_DIRECT_OBJC_ISA_USAGE = YES_ERROR;
				CLANG_WARN_DOCUMENTATION_COMMENTS = YES;
				CLANG_WARN_EMPTY_BODY = YES;
				CLANG_WARN_ENUM_CONVERSION = YES;
				CLANG_WARN_INFINITE_RECURSION = YES;
				CLANG_WARN_INT_CONVERSION = YES;
				CLANG_WARN_OBJC_ROOT_CLASS = YES_ERROR;
				CLANG_WARN_SUSPICIOUS_MOVE = YES;
				CLANG_WARN_UNREACHABLE_CODE = YES;
				CLANG_WARN__DUPLICATE_METHOD_MATCH = YES;
				"CODE_SIGN_IDENTITY[sdk=iphoneos*]" = "iPhone Developer";
				COPY_PHASE_STRIP = NO;
				DEBUG_INFORMATION_FORMAT = dwarf;
				ENABLE_STRICT_OBJC_MSGSEND = YES;
				ENABLE_TESTABILITY = YES;
				GCC_C_LANGUAGE_STANDARD = gnu99;
				GCC_DYNAMIC_NO_PIC = NO;
				GCC_NO_COMMON_BLOCKS = YES;
				GCC_OPTIMIZATION_LEVEL = 0;
				GCC_PREPROCESSOR_DEFINITIONS = (
					"DEBUG=1",
					"$(inherited)",
				);
				GCC_WARN_64_TO_32_BIT_CONVERSION = YES;
				GCC_WARN_ABOUT_RETURN_TYPE = YES_ERROR;
				GCC_WARN_UNDECLARED_SELECTOR = YES;
				GCC_WARN_UNINITIALIZED_AUTOS = YES_AGGRESSIVE;
				GCC_WARN_UNUSED_FUNCTION = YES;
				GCC_WARN_UNUSED_VARIABLE = YES;
				IPHONEOS_DEPLOYMENT_TARGET = 10.3;
				MTL_ENABLE_DEBUG_INFO = YES;
				ONLY_ACTIVE_ARCH = YES;
				SDKROOT = iphoneos;
				SWIFT_ACTIVE_COMPILATION_CONDITIONS = DEBUG;
				SWIFT_OPTIMIZATION_LEVEL = "-Onone";
			};
			name = Debug;
		};
		8F87DE6A1F61311E004B12DA /* Release */ = {
			isa = XCBuildConfiguration;
			buildSettings = {
				ALWAYS_SEARCH_USER_PATHS = NO;
				CLANG_ANALYZER_NONNULL = YES;
				CLANG_ANALYZER_NUMBER_OBJECT_CONVERSION = YES_AGGRESSIVE;
				CLANG_CXX_LANGUAGE_STANDARD = "gnu++0x";
				CLANG_CXX_LIBRARY = "libc++";
				CLANG_ENABLE_MODULES = YES;
				CLANG_ENABLE_OBJC_ARC = YES;
				CLANG_WARN_BOOL_CONVERSION = YES;
				CLANG_WARN_CONSTANT_CONVERSION = YES;
				CLANG_WARN_DIRECT_OBJC_ISA_USAGE = YES_ERROR;
				CLANG_WARN_DOCUMENTATION_COMMENTS = YES;
				CLANG_WARN_EMPTY_BODY = YES;
				CLANG_WARN_ENUM_CONVERSION = YES;
				CLANG_WARN_INFINITE_RECURSION = YES;
				CLANG_WARN_INT_CONVERSION = YES;
				CLANG_WARN_OBJC_ROOT_CLASS = YES_ERROR;
				CLANG_WARN_SUSPICIOUS_MOVE = YES;
				CLANG_WARN_UNREACHABLE_CODE = YES;
				CLANG_WARN__DUPLICATE_METHOD_MATCH = YES;
				"CODE_SIGN_IDENTITY[sdk=iphoneos*]" = "iPhone Developer";
				COPY_PHASE_STRIP = NO;
				DEBUG_INFORMATION_FORMAT = "dwarf-with-dsym";
				ENABLE_NS_ASSERTIONS = NO;
				ENABLE_STRICT_OBJC_MSGSEND = YES;
				GCC_C_LANGUAGE_STANDARD = gnu99;
				GCC_NO_COMMON_BLOCKS = YES;
				GCC_WARN_64_TO_32_BIT_CONVERSION = YES;
				GCC_WARN_ABOUT_RETURN_TYPE = YES_ERROR;
				GCC_WARN_UNDECLARED_SELECTOR = YES;
				GCC_WARN_UNINITIALIZED_AUTOS = YES_AGGRESSIVE;
				GCC_WARN_UNUSED_FUNCTION = YES;
				GCC_WARN_UNUSED_VARIABLE = YES;
				IPHONEOS_DEPLOYMENT_TARGET = 10.3;
				MTL_ENABLE_DEBUG_INFO = NO;
				SDKROOT = iphoneos;
				SWIFT_OPTIMIZATION_LEVEL = "-Owholemodule";
				VALIDATE_PRODUCT = YES;
			};
			name = Release;
		};
		8F87DE6C1F61311E004B12DA /* Debug */ = {
			isa = XCBuildConfiguration;
			baseConfigurationReference = F7983F53312C1E4983594D6A /* Pods-MyApp.debug.xcconfig */;
			buildSettings = {
				ASSETCATALOG_COMPILER_APPICON_NAME = AppIcon;
				DEVELOPMENT_TEAM = VJ3SP7327Z;
				INFOPLIST_FILE = MyApp/Main/Info.plist;
				IPHONEOS_DEPLOYMENT_TARGET = 9.0;
				LD_RUNPATH_SEARCH_PATHS = "$(inherited) @executable_path/Frameworks";
				PRODUCT_BUNDLE_IDENTIFIER = nubia.MyApp;
				PRODUCT_NAME = "$(TARGET_NAME)";
				SWIFT_VERSION = 3.0;
			};
			name = Debug;
		};
		8F87DE6D1F61311E004B12DA /* Release */ = {
			isa = XCBuildConfiguration;
			baseConfigurationReference = 03960F24FBD325615DCB8970 /* Pods-MyApp.release.xcconfig */;
			buildSettings = {
				ASSETCATALOG_COMPILER_APPICON_NAME = AppIcon;
				DEVELOPMENT_TEAM = VJ3SP7327Z;
				INFOPLIST_FILE = MyApp/Main/Info.plist;
				IPHONEOS_DEPLOYMENT_TARGET = 9.0;
				LD_RUNPATH_SEARCH_PATHS = "$(inherited) @executable_path/Frameworks";
				PRODUCT_BUNDLE_IDENTIFIER = nubia.MyApp;
				PRODUCT_NAME = "$(TARGET_NAME)";
				SWIFT_VERSION = 3.0;
			};
			name = Release;
		};
		8F87DE6F1F61311E004B12DA /* Debug */ = {
			isa = XCBuildConfiguration;
			buildSettings = {
				ALWAYS_EMBED_SWIFT_STANDARD_LIBRARIES = YES;
				BUNDLE_LOADER = "$(TEST_HOST)";
				DEVELOPMENT_TEAM = VJ3SP7327Z;
				INFOPLIST_FILE = MyAppTests/Info.plist;
				LD_RUNPATH_SEARCH_PATHS = "$(inherited) @executable_path/Frameworks @loader_path/Frameworks";
				PRODUCT_BUNDLE_IDENTIFIER = nubia.MyAppTests;
				PRODUCT_NAME = "$(TARGET_NAME)";
				SWIFT_VERSION = 3.0;
				TEST_HOST = "$(BUILT_PRODUCTS_DIR)/MyApp.app/MyApp";
			};
			name = Debug;
		};
		8F87DE701F61311E004B12DA /* Release */ = {
			isa = XCBuildConfiguration;
			buildSettings = {
				ALWAYS_EMBED_SWIFT_STANDARD_LIBRARIES = YES;
				BUNDLE_LOADER = "$(TEST_HOST)";
				DEVELOPMENT_TEAM = VJ3SP7327Z;
				INFOPLIST_FILE = MyAppTests/Info.plist;
				LD_RUNPATH_SEARCH_PATHS = "$(inherited) @executable_path/Frameworks @loader_path/Frameworks";
				PRODUCT_BUNDLE_IDENTIFIER = nubia.MyAppTests;
				PRODUCT_NAME = "$(TARGET_NAME)";
				SWIFT_VERSION = 3.0;
				TEST_HOST = "$(BUILT_PRODUCTS_DIR)/MyApp.app/MyApp";
			};
			name = Release;
		};
/* End XCBuildConfiguration section */

/* Begin XCConfigurationList section */
		8F87DE491F61311E004B12DA /* Build configuration list for PBXProject "MyApp" */ = {
			isa = XCConfigurationList;
			buildConfigurations = (
				8F87DE691F61311E004B12DA /* Debug */,
				8F87DE6A1F61311E004B12DA /* Release */,
			);
			defaultConfigurationIsVisible = 0;
			defaultConfigurationName = Release;
		};
		8F87DE6B1F61311E004B12DA /* Build configuration list for PBXNativeTarget "MyApp" */ = {
			isa = XCConfigurationList;
			buildConfigurations = (
				8F87DE6C1F61311E004B12DA /* Debug */,
				8F87DE6D1F61311E004B12DA /* Release */,
			);
			defaultConfigurationIsVisible = 0;
			defaultConfigurationName = Release;
		};
		8F87DE6E1F61311E004B12DA /* Build configuration list for PBXNativeTarget "MyAppTests" */ = {
			isa = XCConfigurationList;
			buildConfigurations = (
				8F87DE6F1F61311E004B12DA /* Debug */,
				8F87DE701F61311E004B12DA /* Release */,
			);
			defaultConfigurationIsVisible = 0;
			defaultConfigurationName = Release;
		};
/* End XCConfigurationList section */
	};
	rootObject = 8F87DE461F61311E004B12DA /* Project object */;
}
